<Solution>
  <Configurations>
    <Platform Name="Any CPU" />
    <Platform Name="x64" />
    <Platform Name="x86" />
  </Configurations>
  <Folder Name="/Položky řešení/">
    <File Path=".editorconfig" />
    <File Path=".gitignore" />
    <File Path="README.md" />
  </Folder>
  <Folder Name="/samples/">
    <Project Path="samples/MyMode/MyMode.csproj" />
  </Folder>
  <Folder Name="/src/">
    <Project Path="src/ManiaScriptSharp.ApiGenerator/ManiaScriptSharp.ApiGenerator.csproj" />
    <Project Path="src/ManiaScriptSharp.Generator/ManiaScriptSharp.Generator.csproj" />
    <Project Path="src/ManiaScriptSharp.ManiaPlanet/ManiaScriptSharp.ManiaPlanet.csproj" />
    <Project Path="src/ManiaScriptSharp.ManiaPlanet3/ManiaScriptSharp.ManiaPlanet3.csproj" />
    <Project Path="src/ManiaScriptSharp.Trackmania/ManiaScriptSharp.Trackmania.csproj" />
    <Project Path="src/ManiaScriptSharp/ManiaScriptSharp.csproj" />
  </Folder>
  <Folder Name="/tests/">
    <Project Path="tests/ManiaScriptSharp.ApiGenerator.Tests/ManiaScriptSharp.ApiGenerator.Tests.csproj" />
    <Project Path="tests/ManiaScriptSharp.Generator.Tests/ManiaScriptSharp.Generator.Tests.csproj" />
    <Project Path="tests/ManiaScriptSharp.ManiaPlanet.Tests/ManiaScriptSharp.ManiaPlanet.Tests.csproj" />
  </Folder>
</Solution>
