
Microsoft Visual Studio Solution File, Format Version 12.00
# Visual Studio Version 17
VisualStudioVersion = 17.3.32728.150
MinimumVisualStudioVersion = 10.0.40219.1
Project("{9A19103F-16F7-4668-BE54-9A1E7A4F7556}") = "ManiaScriptSharp", "ManiaScriptSharp\ManiaScriptSharp.csproj", "{AA894A70-CF6B-4162-9141-A784D55BC49A}"
EndProject
Project("{9A19103F-16F7-4668-BE54-9A1E7A4F7556}") = "ManiaScriptSharp.DocH", "ManiaScriptSharp.DocH\ManiaScriptSharp.DocH.csproj", "{20E6CAD2-0195-41B8-B77A-3053A6943E77}"
EndProject
Project("{9A19103F-16F7-4668-BE54-9A1E7A4F7556}") = "Sample", "Sample\Sample.csproj", "{05E01548-8CA7-43E6-A23A-916A09715278}"
EndProject
Project("{2150E333-8FDC-42A3-9474-1A3956D46DE8}") = ".github", ".github", "{9FD037AD-15A5-46B1-9A77-A7723A1EEB7A}"
EndProject
Project("{2150E333-8FDC-42A3-9474-1A3956D46DE8}") = "workflows", "workflows", "{1931EB62-3558-47BC-B9D8-F5B3E51CF553}"
	ProjectSection(SolutionItems) = preProject
		.github\workflows\dotnet.yml = .github\workflows\dotnet.yml
	EndProjectSection
EndProject
Project("{9A19103F-16F7-4668-BE54-9A1E7A4F7556}") = "ManiaScriptSharp.Trackmania", "ManiaScriptSharp.Trackmania\ManiaScriptSharp.Trackmania.csproj", "{A86F55A1-A9B0-4932-92D4-5CDBE97EEBF8}"
EndProject
Project("{2150E333-8FDC-42A3-9474-1A3956D46DE8}") = "Solution Items", "Solution Items", "{F47E5906-591F-4D4E-96FE-693DB9FED33A}"
	ProjectSection(SolutionItems) = preProject
		.editorconfig = .editorconfig
		.gitignore = .gitignore
	EndProjectSection
EndProject
Project("{FAE04EC0-301F-11D3-BF4B-00C04F79EFBC}") = "ManiaScriptSharp.DocH.Tests", "ManiaScriptSharp.DocH.Tests\ManiaScriptSharp.DocH.Tests.csproj", "{C0D9FED0-4BD5-4D27-8CB9-AF46F3EBE99E}"
EndProject
Global
	GlobalSection(SolutionConfigurationPlatforms) = preSolution
		Debug|Any CPU = Debug|Any CPU
		Release|Any CPU = Release|Any CPU
	EndGlobalSection
	GlobalSection(ProjectConfigurationPlatforms) = postSolution
		{AA894A70-CF6B-4162-9141-A784D55BC49A}.Debug|Any CPU.ActiveCfg = Debug|Any CPU
		{AA894A70-CF6B-4162-9141-A784D55BC49A}.Debug|Any CPU.Build.0 = Debug|Any CPU
		{AA894A70-CF6B-4162-9141-A784D55BC49A}.Release|Any CPU.ActiveCfg = Release|Any CPU
		{AA894A70-CF6B-4162-9141-A784D55BC49A}.Release|Any CPU.Build.0 = Release|Any CPU
		{20E6CAD2-0195-41B8-B77A-3053A6943E77}.Debug|Any CPU.ActiveCfg = Debug|Any CPU
		{20E6CAD2-0195-41B8-B77A-3053A6943E77}.Debug|Any CPU.Build.0 = Debug|Any CPU
		{20E6CAD2-0195-41B8-B77A-3053A6943E77}.Release|Any CPU.ActiveCfg = Release|Any CPU
		{20E6CAD2-0195-41B8-B77A-3053A6943E77}.Release|Any CPU.Build.0 = Release|Any CPU
		{05E01548-8CA7-43E6-A23A-916A09715278}.Debug|Any CPU.ActiveCfg = Debug|Any CPU
		{05E01548-8CA7-43E6-A23A-916A09715278}.Debug|Any CPU.Build.0 = Debug|Any CPU
		{05E01548-8CA7-43E6-A23A-916A09715278}.Release|Any CPU.ActiveCfg = Release|Any CPU
		{05E01548-8CA7-43E6-A23A-916A09715278}.Release|Any CPU.Build.0 = Release|Any CPU
		{A86F55A1-A9B0-4932-92D4-5CDBE97EEBF8}.Debug|Any CPU.ActiveCfg = Debug|Any CPU
		{A86F55A1-A9B0-4932-92D4-5CDBE97EEBF8}.Debug|Any CPU.Build.0 = Debug|Any CPU
		{A86F55A1-A9B0-4932-92D4-5CDBE97EEBF8}.Release|Any CPU.ActiveCfg = Release|Any CPU
		{A86F55A1-A9B0-4932-92D4-5CDBE97EEBF8}.Release|Any CPU.Build.0 = Release|Any CPU
		{C0D9FED0-4BD5-4D27-8CB9-AF46F3EBE99E}.Debug|Any CPU.ActiveCfg = Debug|Any CPU
		{C0D9FED0-4BD5-4D27-8CB9-AF46F3EBE99E}.Debug|Any CPU.Build.0 = Debug|Any CPU
		{C0D9FED0-4BD5-4D27-8CB9-AF46F3EBE99E}.Release|Any CPU.ActiveCfg = Release|Any CPU
		{C0D9FED0-4BD5-4D27-8CB9-AF46F3EBE99E}.Release|Any CPU.Build.0 = Release|Any CPU
	EndGlobalSection
	GlobalSection(SolutionProperties) = preSolution
		HideSolutionNode = FALSE
	EndGlobalSection
	GlobalSection(NestedProjects) = preSolution
		{1931EB62-3558-47BC-B9D8-F5B3E51CF553} = {9FD037AD-15A5-46B1-9A77-A7723A1EEB7A}
	EndGlobalSection
	GlobalSection(ExtensibilityGlobals) = postSolution
		SolutionGuid = {28B13003-8265-4B4E-A6BB-D0304B11A140}
	EndGlobalSection
EndGlobal
